
Microsoft Visual Studio Solution File, Format Version 12.00
# Visual Studio Version 17
VisualStudioVersion = 17.5.001.0
MinimumVisualStudioVersion = 10.0.40219.1
Project("{9A19103F-16F7-4668-BE54-9A1E7A4F7556}") = "SeminarTask1", "SeminarTask1.csproj", "{F8D12C49-2A5F-4960-BFAB-1AD1B83C0879}"
EndProject
Global
	GlobalSection(SolutionConfigurationPlatforms) = preSolution
		Debug|Any CPU = Debug|Any CPU
		Release|Any CPU = Release|Any CPU
	EndGlobalSection
	GlobalSection(ProjectConfigurationPlatforms) = postSolution
		{F8D12C49-2A5F-4960-BFAB-1AD1B83C0879}.Debug|Any CPU.ActiveCfg = Debug|Any CPU
		{F8D12C49-2A5F-4960-BFAB-1AD1B83C0879}.Debug|Any CPU.Build.0 = Debug|Any CPU
		{F8D12C49-2A5F-4960-BFAB-1AD1B83C0879}.Release|Any CPU.ActiveCfg = Release|Any CPU
		{F8D12C49-2A5F-4960-BFAB-1AD1B83C0879}.Release|Any CPU.Build.0 = Release|Any CPU
	EndGlobalSection
	GlobalSection(SolutionProperties) = preSolution
		HideSolutionNode = FALSE
	EndGlobalSection
	GlobalSection(ExtensibilityGlobals) = postSolution
		SolutionGuid = {A16D79A8-1C2D-43CB-9EAF-7DA4DDA88ED5}
	EndGlobalSection
EndGlobal
